{
  "name": "agent-state-machine",
  "version": "2.0.6",
  "lockfileVersion": 3,
  "requires": true,
  "packages": {
    "": {
      "name": "agent-state-machine",
      "version": "2.0.6",
      "license": "MIT",
      "bin": {
        "state-machine": "bin/cli.js"
      },
      "engines": {
        "node": ">=16.0.0"
      }
    }
  }
}
